
Microsoft Visual Studio Solution File, Format Version 12.00
# Visual Studio Version 16
VisualStudioVersion = 16.0.31729.503
MinimumVisualStudioVersion = 10.0.40219.1
Project("{9A19103F-16F7-4668-BE54-9A1E7A4F7556}") = "T39", "T39\T39.csproj", "{CFB30714-9AE8-4E53-BC80-429BF72541EF}"
EndProject
Project("{2150E333-8FDC-42A3-9474-1A3956D46DE8}") = "Solution Items", "Solution Items", "{51831EF7-FEF8-4F3F-B943-D6D5B8CAB770}"
	ProjectSection(SolutionItems) = preProject
		.editorconfig = .editorconfig
	EndProjectSection
EndProject
Global
	GlobalSection(SolutionConfigurationPlatforms) = preSolution
		Debug|Any CPU = Debug|Any CPU
		Release|Any CPU = Release|Any CPU
	EndGlobalSection
	GlobalSection(ProjectConfigurationPlatforms) = postSolution
		{CFB30714-9AE8-4E53-BC80-429BF72541EF}.Debug|Any CPU.ActiveCfg = Debug|Any CPU
		{CFB30714-9AE8-4E53-BC80-429BF72541EF}.Debug|Any CPU.Build.0 = Debug|Any CPU
		{CFB30714-9AE8-4E53-BC80-429BF72541EF}.Release|Any CPU.ActiveCfg = Release|Any CPU
		{CFB30714-9AE8-4E53-BC80-429BF72541EF}.Release|Any CPU.Build.0 = Release|Any CPU
	EndGlobalSection
	GlobalSection(SolutionProperties) = preSolution
		HideSolutionNode = FALSE
	EndGlobalSection
	GlobalSection(ExtensibilityGlobals) = postSolution
		SolutionGuid = {3D04DA8B-6D49-4890-9D36-802408BD532C}
	EndGlobalSection
EndGlobal
