
Microsoft Visual Studio Solution File, Format Version 12.00
# Visual Studio Version 16
VisualStudioVersion = 16.0.31729.503
MinimumVisualStudioVersion = 10.0.40219.1
Project("{FAE04EC0-301F-11D3-BF4B-00C04F79EFBC}") = "ConsoleApp9", "ConsoleApp9\ConsoleApp9.csproj", "{87C59D8F-0ECB-4D85-9805-6470A63BAF6A}"
EndProject
Project("{FAE04EC0-301F-11D3-BF4B-00C04F79EFBC}") = "ConsoleApp10", "ConsoleApp10\ConsoleApp10.csproj", "{B8D631ED-12BE-4ED5-B031-0E853F3BAA97}"
EndProject
Global
	GlobalSection(SolutionConfigurationPlatforms) = preSolution
		Debug|Any CPU = Debug|Any CPU
		Release|Any CPU = Release|Any CPU
	EndGlobalSection
	GlobalSection(ProjectConfigurationPlatforms) = postSolution
		{87C59D8F-0ECB-4D85-9805-6470A63BAF6A}.Debug|Any CPU.ActiveCfg = Debug|Any CPU
		{87C59D8F-0ECB-4D85-9805-6470A63BAF6A}.Debug|Any CPU.Build.0 = Debug|Any CPU
		{87C59D8F-0ECB-4D85-9805-6470A63BAF6A}.Release|Any CPU.ActiveCfg = Release|Any CPU
		{87C59D8F-0ECB-4D85-9805-6470A63BAF6A}.Release|Any CPU.Build.0 = Release|Any CPU
		{B8D631ED-12BE-4ED5-B031-0E853F3BAA97}.Debug|Any CPU.ActiveCfg = Debug|Any CPU
		{B8D631ED-12BE-4ED5-B031-0E853F3BAA97}.Debug|Any CPU.Build.0 = Debug|Any CPU
		{B8D631ED-12BE-4ED5-B031-0E853F3BAA97}.Release|Any CPU.ActiveCfg = Release|Any CPU
		{B8D631ED-12BE-4ED5-B031-0E853F3BAA97}.Release|Any CPU.Build.0 = Release|Any CPU
	EndGlobalSection
	GlobalSection(SolutionProperties) = preSolution
		HideSolutionNode = FALSE
	EndGlobalSection
	GlobalSection(ExtensibilityGlobals) = postSolution
		SolutionGuid = {2A5A19AE-3A7A-4BB1-AB5A-CD21985DB7DD}
	EndGlobalSection
EndGlobal
