
Microsoft Visual Studio Solution File, Format Version 12.00
# Visual Studio Version 16
VisualStudioVersion = 16.0.31729.503
MinimumVisualStudioVersion = 10.0.40219.1
Project("{9A19103F-16F7-4668-BE54-9A1E7A4F7556}") = "T38", "T38\T38.csproj", "{DD38CF36-467C-4189-9E00-4B850AA9A833}"
EndProject
Global
	GlobalSection(SolutionConfigurationPlatforms) = preSolution
		Debug|Any CPU = Debug|Any CPU
		Release|Any CPU = Release|Any CPU
	EndGlobalSection
	GlobalSection(ProjectConfigurationPlatforms) = postSolution
		{DD38CF36-467C-4189-9E00-4B850AA9A833}.Debug|Any CPU.ActiveCfg = Debug|Any CPU
		{DD38CF36-467C-4189-9E00-4B850AA9A833}.Debug|Any CPU.Build.0 = Debug|Any CPU
		{DD38CF36-467C-4189-9E00-4B850AA9A833}.Release|Any CPU.ActiveCfg = Release|Any CPU
		{DD38CF36-467C-4189-9E00-4B850AA9A833}.Release|Any CPU.Build.0 = Release|Any CPU
	EndGlobalSection
	GlobalSection(SolutionProperties) = preSolution
		HideSolutionNode = FALSE
	EndGlobalSection
	GlobalSection(ExtensibilityGlobals) = postSolution
		SolutionGuid = {CDA20D5A-0779-4E6F-A224-A6D21AB1FA0D}
	EndGlobalSection
EndGlobal
