
Microsoft Visual Studio Solution File, Format Version 12.00
# Visual Studio Version 16
VisualStudioVersion = 16.0.31729.503
MinimumVisualStudioVersion = 10.0.40219.1
Project("{FAE04EC0-301F-11D3-BF4B-00C04F79EFBC}") = "T35", "T35\T35.csproj", "{B06D389C-71F5-45C9-BEBD-122C9B899D54}"
EndProject
Project("{2150E333-8FDC-42A3-9474-1A3956D46DE8}") = "Solution Items", "Solution Items", "{87D0CC50-F95C-4508-86D8-70B32DDEAA34}"
	ProjectSection(SolutionItems) = preProject
		.editorconfig = .editorconfig
	EndProjectSection
EndProject
Global
	GlobalSection(SolutionConfigurationPlatforms) = preSolution
		Debug|Any CPU = Debug|Any CPU
		Release|Any CPU = Release|Any CPU
	EndGlobalSection
	GlobalSection(ProjectConfigurationPlatforms) = postSolution
		{B06D389C-71F5-45C9-BEBD-122C9B899D54}.Debug|Any CPU.ActiveCfg = Debug|Any CPU
		{B06D389C-71F5-45C9-BEBD-122C9B899D54}.Debug|Any CPU.Build.0 = Debug|Any CPU
		{B06D389C-71F5-45C9-BEBD-122C9B899D54}.Release|Any CPU.ActiveCfg = Release|Any CPU
		{B06D389C-71F5-45C9-BEBD-122C9B899D54}.Release|Any CPU.Build.0 = Release|Any CPU
	EndGlobalSection
	GlobalSection(SolutionProperties) = preSolution
		HideSolutionNode = FALSE
	EndGlobalSection
	GlobalSection(ExtensibilityGlobals) = postSolution
		SolutionGuid = {DE4589F2-41DC-4B35-9DA6-31A314BDC695}
	EndGlobalSection
EndGlobal
